{
  "lockfileVersion": 1,
  "configVersion": 1,
  "workspaces": {
    "": {
      "name": "@zhafron/opencode-kiro-auth",
      "dependencies": {
        "@aws/codewhisperer-streaming-client": "^1.0.34",
        "@opencode-ai/plugin": "^1.15.11",
        "proper-lockfile": "^4.1.2",
        "zod": "^3.24.0",
      },
      "devDependencies": {
        "@types/node": "^20.0.0",
        "@types/proper-lockfile": "^4.1.4",
        "bun-types": "^1.3.6",
        "husky": "^9.1.7",
        "lint-staged": "^16.2.7",
        "prettier": "^3.4.2",
        "prettier-plugin-organize-imports": "^4.1.0",
        "typescript": "^5.7.3",
      },
    },
  },
  "packages": {
    "@aws-crypto/crc32": ["@aws-crypto/crc32@5.2.0", "", { "dependencies": { "@aws-crypto/util": "^5.2.0", "@aws-sdk/types": "^3.222.0", "tslib": "^2.6.2" } }, "sha512-nLbCWqQNgUiwwtFsen1AdzAtvuLRsQS8rYgMuxCrdKf9kOssamGLuPwyTY9wyYblNr9+1XM8v6zoDTPPSIeANg=="],

    "@aws-crypto/sha256-browser": ["@aws-crypto/sha256-browser@5.2.0", "", { "dependencies": { "@aws-crypto/sha256-js": "^5.2.0", "@aws-crypto/supports-web-crypto": "^5.2.0", "@aws-crypto/util": "^5.2.0", "@aws-sdk/types": "^3.222.0", "@aws-sdk/util-locate-window": "^3.0.0", "@smithy/util-utf8": "^2.0.0", "tslib": "^2.6.2" } }, "sha512-AXfN/lGotSQwu6HNcEsIASo7kWXZ5HYWvfOmSNKDsEqC4OashTp8alTmaz+F7TC2L083SFv5RdB+qU3Vs1kZqw=="],

    "@aws-crypto/sha256-js": ["@aws-crypto/sha256-js@5.2.0", "", { "dependencies": { "@aws-crypto/util": "^5.2.0", "@aws-sdk/types": "^3.222.0", "tslib": "^2.6.2" } }, "sha512-FFQQyu7edu4ufvIZ+OadFpHHOt+eSTBaYaki44c+akjg7qZg9oOQeLlk77F6tSYqjDAFClrHJk9tMf0HdVyOvA=="],

    "@aws-crypto/supports-web-crypto": ["@aws-crypto/supports-web-crypto@5.2.0", "", { "dependencies": { "tslib": "^2.6.2" } }, "sha512-iAvUotm021kM33eCdNfwIN//F77/IADDSs58i+MDaOqFrVjZo9bAal0NK7HurRuWLLpF1iLX7gbWrjHjeo+YFg=="],

    "@aws-crypto/util": ["@aws-crypto/util@5.2.0", "", { "dependencies": { "@aws-sdk/types": "^3.222.0", "@smithy/util-utf8": "^2.0.0", "tslib": "^2.6.2" } }, "sha512-4RkU9EsI6ZpBve5fseQlGNUWKMa1RLPQ1dnjnQoe07ldfIzcsGb5hC5W0Dm7u423KWzawlrpbjXBrXCEv9zazQ=="],

    "@aws-sdk/core": ["@aws-sdk/core@3.974.14", "", { "dependencies": { "@aws-sdk/types": "^3.973.9", "@aws-sdk/xml-builder": "^3.972.26", "@aws/lambda-invoke-store": "^0.2.2", "@smithy/core": "^3.24.3", "@smithy/signature-v4": "^5.4.2", "@smithy/types": "^4.14.2", "bowser": "^2.11.0", "tslib": "^2.6.2" } }, "sha512-ppamm04uoj3hhNO5IlQSs5D6rWX1fWkzcn6a4pZrojk8Y6ObY9wzLDdT/Eq3gv6O9hOebi9tYTNB8b8fQj9XJw=="],

    "@aws-sdk/middleware-host-header": ["@aws-sdk/middleware-host-header@3.972.15", "", { "dependencies": { "@aws-sdk/core": "^3.974.14", "tslib": "^2.6.2" } }, "sha512-BMvPJcSE+e5Up4eRvIVDOp6Aiwh3ce0z9FJ8LsRBGE9d64j67HLdyqlDaUtzCjmhxDvxw+qIiAElu3+AOzhAnA=="],

    "@aws-sdk/middleware-logger": ["@aws-sdk/middleware-logger@3.972.14", "", { "dependencies": { "@aws-sdk/core": "^3.974.14", "tslib": "^2.6.2" } }, "sha512-f/9Rln5bNIoHwPVxSXmW5+8SnteHFwwuoR5Ce+SEis36fKw7pu84G2SpaWRpGqj7zbIAECFVJ+pDiGfQq5r4FQ=="],

    "@aws-sdk/middleware-recursion-detection": ["@aws-sdk/middleware-recursion-detection@3.972.16", "", { "dependencies": { "@aws-sdk/core": "^3.974.14", "tslib": "^2.6.2" } }, "sha512-AGAe/c6Da/FEjtkR3LViqvaJdxaHQqcVpmf6UMBRQ3e8G2c6EWqjRidMw/FiQzWXUrmfjgXoVcc8QXc4kcuWLQ=="],

    "@aws-sdk/middleware-user-agent": ["@aws-sdk/middleware-user-agent@3.972.44", "", { "dependencies": { "@aws-sdk/core": "^3.974.14", "tslib": "^2.6.2" } }, "sha512-K9kryZwhKBsAdk1R6TCMSUDGF2XjMcC89Qm/6o8szdRSodN5MIlo3KzAV4vKyKTkOu/UwoB+Yrj78M+omPZzkA=="],

    "@aws-sdk/nested-clients": ["@aws-sdk/nested-clients@3.997.12", "", { "dependencies": { "@aws-crypto/sha256-browser": "5.2.0", "@aws-crypto/sha256-js": "5.2.0", "@aws-sdk/core": "^3.974.14", "@aws-sdk/signature-v4-multi-region": "^3.996.29", "@aws-sdk/types": "^3.973.9", "@smithy/core": "^3.24.3", "@smithy/fetch-http-handler": "^5.4.3", "@smithy/node-http-handler": "^4.7.3", "@smithy/types": "^4.14.2", "tslib": "^2.6.2" } }, "sha512-Js2VYaCM269feB0cs0cGmlIhdOgT9aMqzdBx68lCy6kVCYfzr0T36ovUFDvfUmatkuBeyBJhCwaLBh7P8meH5Q=="],

    "@aws-sdk/region-config-resolver": ["@aws-sdk/region-config-resolver@3.972.18", "", { "dependencies": { "@aws-sdk/core": "^3.974.14", "tslib": "^2.6.2" } }, "sha512-FQLLmG0RHPleDCQAkl10LNH5L+FDOcUKwnRHRhfH0NHhleo46j9u1q0UHlVbKYOBfB0LjQMQgioxrWvLqEZ5Bg=="],

    "@aws-sdk/signature-v4-multi-region": ["@aws-sdk/signature-v4-multi-region@3.996.29", "", { "dependencies": { "@aws-sdk/types": "^3.973.9", "@smithy/signature-v4": "^5.4.2", "@smithy/types": "^4.14.2", "tslib": "^2.6.2" } }, "sha512-Few9FoQqOt/0KSvZYP+qdW0dfOhfQ9N+gl2UUDvCPW6mkPKHli9LMbKxWj+wZ5zKPaOoqxuR3Hhy3OTpndkfSw=="],

    "@aws-sdk/token-providers": ["@aws-sdk/token-providers@3.1055.0", "", { "dependencies": { "@aws-sdk/core": "^3.974.14", "@aws-sdk/nested-clients": "^3.997.12", "@aws-sdk/types": "^3.973.9", "@smithy/core": "^3.24.3", "@smithy/types": "^4.14.2", "tslib": "^2.6.2" } }, "sha512-NSCniZ0HmeOWrX1k9aXZtKEST+JlNqOMNe87Vll1y25WlHOErNGgk8oFoMGnbiuWsG8ZS8zLby8fqVmrH8/ufQ=="],

    "@aws-sdk/types": ["@aws-sdk/types@3.973.9", "", { "dependencies": { "@smithy/types": "^4.14.2", "tslib": "^2.6.2" } }, "sha512-kuBfgQVdcz5Bmapc4A13YbpVw/pXkesfhetcFYwbntqas8sF41OHyd4o28+/TG2ZQdHBsv90Lsu5y6oitvYCdg=="],

    "@aws-sdk/util-endpoints": ["@aws-sdk/util-endpoints@3.996.13", "", { "dependencies": { "@aws-sdk/core": "^3.974.14", "@smithy/core": "^3.24.3", "tslib": "^2.6.2" } }, "sha512-uuAuMkEzZHfiOkIRj2xexSSgfvBnhbI+6pd+o/RET7EZXDG1wrC4PINCs0PTkswYhD6kOb+av4NG89CWLC5/4Q=="],

    "@aws-sdk/util-locate-window": ["@aws-sdk/util-locate-window@3.965.5", "", { "dependencies": { "tslib": "^2.6.2" } }, "sha512-WhlJNNINQB+9qtLtZJcpQdgZw3SCDCpXdUJP7cToGwHbCWCnRckGlc6Bx/OhWwIYFNAn+FIydY8SZ0QmVu3xTQ=="],

    "@aws-sdk/util-user-agent-browser": ["@aws-sdk/util-user-agent-browser@3.972.15", "", { "dependencies": { "@aws-sdk/core": "^3.974.14", "tslib": "^2.6.2" } }, "sha512-8/+GtB/BjIul7uGFXNztIeiQBZbb1eEl/+M8Q+l1qg9uKSGEZf4VtI+9VidrQ3BBE1J1GDkn5W/n+tuHhXSbOg=="],

    "@aws-sdk/util-user-agent-node": ["@aws-sdk/util-user-agent-node@3.973.30", "", { "dependencies": { "@aws-sdk/core": "^3.974.14", "tslib": "^2.6.2" } }, "sha512-W5Pr3Kl9tyH7Pcht2sx90YeO2ennDIwzbBVfQ+bt6MQUNMtf+hPMic8O/IsSWRNn1qTgfuCjTYmB/UD4A75xBA=="],

    "@aws-sdk/xml-builder": ["@aws-sdk/xml-builder@3.972.26", "", { "dependencies": { "@smithy/types": "^4.14.2", "fast-xml-parser": "5.7.3", "tslib": "^2.6.2" } }, "sha512-cDbrqvDS73whl6YAPSPq0U6whzG6UWI9PuWh0wrUuGoZexhWEqhdunbukV7iBoaWnFV1AODutM5hOD6rtn439g=="],

    "@aws/codewhisperer-streaming-client": ["@aws/codewhisperer-streaming-client@1.0.45", "", { "dependencies": { "@aws-crypto/sha256-browser": "5.2.0", "@aws-crypto/sha256-js": "5.2.0", "@aws-sdk/core": "^3.974.7", "@aws-sdk/middleware-host-header": "^3.972.10", "@aws-sdk/middleware-logger": "^3.972.10", "@aws-sdk/middleware-recursion-detection": "^3.972.11", "@aws-sdk/middleware-user-agent": "^3.972.37", "@aws-sdk/region-config-resolver": "^3.972.13", "@aws-sdk/token-providers": "^3.1040.0", "@aws-sdk/types": "^3.973.8", "@aws-sdk/util-endpoints": "^3.996.8", "@aws-sdk/util-user-agent-browser": "^3.972.10", "@aws-sdk/util-user-agent-node": "^3.973.23", "@smithy/config-resolver": "^4.4.17", "@smithy/core": "^3.23.17", "@smithy/eventstream-serde-browser": "^4.2.14", "@smithy/eventstream-serde-config-resolver": "^4.3.14", "@smithy/eventstream-serde-node": "^4.2.14", "@smithy/fetch-http-handler": "^5.3.17", "@smithy/hash-node": "^4.2.14", "@smithy/invalid-dependency": "^4.2.14", "@smithy/middleware-content-length": "^4.2.14", "@smithy/middleware-endpoint": "^4.4.32", "@smithy/middleware-retry": "^4.5.7", "@smithy/middleware-serde": "^4.2.20", "@smithy/middleware-stack": "^4.2.14", "@smithy/node-config-provider": "^4.3.14", "@smithy/node-http-handler": "^4.6.1", "@smithy/protocol-http": "^5.3.14", "@smithy/smithy-client": "^4.12.13", "@smithy/types": "^4.14.1", "@smithy/url-parser": "^4.2.14", "@smithy/util-base64": "^4.3.2", "@smithy/util-body-length-browser": "^4.2.2", "@smithy/util-body-length-node": "^4.2.3", "@smithy/util-defaults-mode-browser": "^4.3.49", "@smithy/util-defaults-mode-node": "^4.2.54", "@smithy/util-endpoints": "^3.4.2", "@smithy/util-middleware": "^4.2.14", "@smithy/util-retry": "^4.3.6", "@smithy/util-utf8": "^4.2.2", "tslib": "^2.6.2" } }, "sha512-XvqUjgrA+hS8bK/dU9tUhooxlYWLbIYNYg461gMcD2QQHAd+fXwqrImgcJ/pvU6LedguvTal1Vdd9Pf4I0O0Jg=="],

    "@aws/lambda-invoke-store": ["@aws/lambda-invoke-store@0.2.4", "", {}, "sha512-iY8yvjE0y651BixKNPgmv1WrQc+GZ142sb0z4gYnChDDY2YqI4P/jsSopBWrKfAt7LOJAkOXt7rC/hms+WclQQ=="],

    "@msgpackr-extract/msgpackr-extract-darwin-arm64": ["@msgpackr-extract/msgpackr-extract-darwin-arm64@3.0.4", "", { "os": "darwin", "cpu": "arm64" }, "sha512-LCkGo6JDfaBhgST7UpPWgNgLINpcpabaHfyz5OBx75nUYxBsaEPxjnyNjWpeb/xBup/682QnBfRBy2/LvPutZQ=="],

    "@msgpackr-extract/msgpackr-extract-darwin-x64": ["@msgpackr-extract/msgpackr-extract-darwin-x64@3.0.4", "", { "os": "darwin", "cpu": "x64" }, "sha512-zExlW9zUJKZH/tOtVMttwjKa4Xm/3KcNjnE3dPN92uCktwavMxpgCA3MoJK/DOnTWsQgo224OaST27/mPNAf+w=="],

    "@msgpackr-extract/msgpackr-extract-linux-arm": ["@msgpackr-extract/msgpackr-extract-linux-arm@3.0.4", "", { "os": "linux", "cpu": "arm" }, "sha512-Tg3yX65f5GbtXLkrYEHE5oibZG9epyYWas7FogTTEJeDEF9JlXJzKgXaNhT3UXlTOeA+AfZpYZYZ0uPj7Cfquw=="],

    "@msgpackr-extract/msgpackr-extract-linux-arm64": ["@msgpackr-extract/msgpackr-extract-linux-arm64@3.0.4", "", { "os": "linux", "cpu": "arm64" }, "sha512-dgX0P/9wGPJeHFBG+ZmhgE6bmtMt7NP5CRBGyyktpopdk/mW4POnrpQsSLtKI1dwpc+pPLuXHDh6vvskyQE/sw=="],

    "@msgpackr-extract/msgpackr-extract-linux-x64": ["@msgpackr-extract/msgpackr-extract-linux-x64@3.0.4", "", { "os": "linux", "cpu": "x64" }, "sha512-8TNXMEjJc3QEy7R/x1INhgiU+XakDAFUzBhaz7+Rbrs8NH5UQeHQxxmzsSBJGyV6I1jW79undiQm8tOI+D+8FQ=="],

    "@msgpackr-extract/msgpackr-extract-win32-x64": ["@msgpackr-extract/msgpackr-extract-win32-x64@3.0.4", "", { "os": "win32", "cpu": "x64" }, "sha512-CmCXPQrkbwExx3j946/PtHWHbYJiCRBRDl4BlkRQcJB/YOwQxJRTpoo7aTsortjgoJ1x7opzTSxn7C+ASSLVjQ=="],

    "@nodable/entities": ["@nodable/entities@2.1.0", "", {}, "sha512-nyT7T3nbMyBI/lvr6L5TyWbFJAI9FTgVRakNoBqCD+PmID8DzFrrNdLLtHMwMszOtqZa8PAOV24ZqDnQrhQINA=="],

    "@opencode-ai/plugin": ["@opencode-ai/plugin@1.15.11", "", { "dependencies": { "@opencode-ai/sdk": "1.15.11", "effect": "4.0.0-beta.66", "zod": "4.1.8" }, "peerDependencies": { "@opentui/core": ">=0.2.15", "@opentui/keymap": ">=0.2.15", "@opentui/solid": ">=0.2.15" }, "optionalPeers": ["@opentui/core", "@opentui/keymap", "@opentui/solid"] }, "sha512-RDvYDCHO0+3OAGD590oDQqtryrENrUW04SjtoA4sgRV2efpZeBFjx3TnonBsXKq6nWqYg172nhltUEZsihGnXQ=="],

    "@opencode-ai/sdk": ["@opencode-ai/sdk@1.15.11", "", { "dependencies": { "cross-spawn": "7.0.6" } }, "sha512-IyYyDVsO8SKbKbkSadHpDuYnYC+2vmEeLU+rW+rH2M54Sigq6l3gDHno16+U6SRut+lowbph7v/ry3WbV67V3w=="],

    "@smithy/config-resolver": ["@smithy/config-resolver@4.5.5", "", { "dependencies": { "@smithy/core": "^3.24.5", "tslib": "^2.6.2" } }, "sha512-HehAZr4sq2m+4zHgEqDvtWENy/B5yywMKA8Pl4gBcU3F4ekelpZqDLDxQHdJlguaKNyTq31cZYjLWomzdujQrA=="],

    "@smithy/core": ["@smithy/core@3.24.5", "", { "dependencies": { "@aws-crypto/crc32": "5.2.0", "@smithy/types": "^4.14.2", "tslib": "^2.6.2" } }, "sha512-Kt8phUg45M15EjhYAbZ+fFikYneijLu9Liugz8ZsYz2i8j0hzGv27LWKpEHYRfvj+LyCOSijpcR/2i8RouV+cA=="],

    "@smithy/eventstream-serde-browser": ["@smithy/eventstream-serde-browser@4.3.5", "", { "dependencies": { "@smithy/core": "^3.24.5", "tslib": "^2.6.2" } }, "sha512-M9rMkTar7JcRrvUHsK1271AuWDmrISIPQpQ4TSHmYZ4KMisGnMH0gfjCWnBwdndR7skvvp/UheHhZGvO3Cr8/g=="],

    "@smithy/eventstream-serde-config-resolver": ["@smithy/eventstream-serde-config-resolver@4.4.5", "", { "dependencies": { "@smithy/core": "^3.24.5", "tslib": "^2.6.2" } }, "sha512-lUwPPu7DNNVJjeS+gV7g2rDHbW9X1wSRQIsIyzOgBtP7KDMefLhz0kz42AWAxZIFPcOO3pUbtq76LSkVcxLKRw=="],

    "@smithy/eventstream-serde-node": ["@smithy/eventstream-serde-node@4.3.5", "", { "dependencies": { "@smithy/core": "^3.24.5", "tslib": "^2.6.2" } }, "sha512-QydEYKqvdiS6dJb0tOfDiogt12FzzImt2FnL7gMD72hNrkiUAUKqtStRmkTrdzDKFJ46abe3yH94luCuhtnCkQ=="],

    "@smithy/fetch-http-handler": ["@smithy/fetch-http-handler@5.4.5", "", { "dependencies": { "@smithy/core": "^3.24.5", "@smithy/types": "^4.14.2", "tslib": "^2.6.2" } }, "sha512-SK3VMeH0fibgdTg2QeB+O4p7Yy/2E5HBOHJeC58FshkDdeuX8lOgO7PfjYfLyPLP1ch55j91cQqKBzDS0mRjSQ=="],

    "@smithy/hash-node": ["@smithy/hash-node@4.3.5", "", { "dependencies": { "@smithy/core": "^3.24.5", "tslib": "^2.6.2" } }, "sha512-/tUIDaB36qjLq/CIhMRIiFXCT7rVGBGAhFmMA9PbC/iW2u3QPNATZuFSdK0JBO3qeSPoHBeudFMmsbFq2Mf5EQ=="],

    "@smithy/invalid-dependency": ["@smithy/invalid-dependency@4.3.5", "", { "dependencies": { "@smithy/core": "^3.24.5", "tslib": "^2.6.2" } }, "sha512-c8C1GzrU4PcY1QT/HP0ILCTLutyVONT93kPSisOyHoZaXlKQZtV6+RKqolhBtPolGULf59vq2yseagU6+WY82w=="],

    "@smithy/is-array-buffer": ["@smithy/is-array-buffer@2.2.0", "", { "dependencies": { "tslib": "^2.6.2" } }, "sha512-GGP3O9QFD24uGeAXYUjwSTXARoqpZykHadOmA8G5vfJPK0/DC67qa//0qvqrJzL1xc8WQWX7/yc7fwudjPHPhA=="],

    "@smithy/middleware-content-length": ["@smithy/middleware-content-length@4.3.5", "", { "dependencies": { "@smithy/core": "^3.24.5", "tslib": "^2.6.2" } }, "sha512-lzOzJ4c0t3vkBut02CjdWNgduN3mUWjc1WK9TPr75KVV6OgVWico9wMDn9ZnQN97VJPYfweBW6Dm5CElvQl8BQ=="],

    "@smithy/middleware-endpoint": ["@smithy/middleware-endpoint@4.5.5", "", { "dependencies": { "@smithy/core": "^3.24.5", "tslib": "^2.6.2" } }, "sha512-8DnkSoUMQAcuT/DHdigsFPti8M/Dm6TPCAsrIQ/bUDGxRkrgGuI++3dXRr8CoUyc9r0kGSCcZHjJje407ydgBQ=="],

    "@smithy/middleware-retry": ["@smithy/middleware-retry@4.6.5", "", { "dependencies": { "@smithy/core": "^3.24.5", "tslib": "^2.6.2" } }, "sha512-fumMIfh5xOFjirylbSzmBX9bgQtrWFtQrosPfkjsJSBzqXVbQMNDGIC8oJBz4V3bokIm2F0CL3bziLtbXR7cbA=="],

    "@smithy/middleware-serde": ["@smithy/middleware-serde@4.3.5", "", { "dependencies": { "@smithy/core": "^3.24.5", "tslib": "^2.6.2" } }, "sha512-+7glfRrb7byruZCPAM53TvmK8cx/ghzAThB4EvPzHynAYobtISl0g+DzzSVEC0NQob5BunP9gC9GP+Fcz6H9yw=="],

    "@smithy/middleware-stack": ["@smithy/middleware-stack@4.3.5", "", { "dependencies": { "@smithy/core": "^3.24.5", "tslib": "^2.6.2" } }, "sha512-Yj4wjBQZXHePRIy9cBIKfCOn/kPjRlgDPGlr7DjIhwrnz8kWu7Ux7UwPr51P/wcug5oq4nWdBXSY4TV5afBdew=="],

    "@smithy/node-config-provider": ["@smithy/node-config-provider@4.4.5", "", { "dependencies": { "@smithy/core": "^3.24.5", "tslib": "^2.6.2" } }, "sha512-c2G9QJ4xVZLwAkAf+WQESSSCkKbtt33ytje1klGvTcBn6cKuqV28E+62wbRPHwuTikkB3LQ7CBnNrayCoJur5A=="],

    "@smithy/node-http-handler": ["@smithy/node-http-handler@4.7.5", "", { "dependencies": { "@smithy/core": "^3.24.5", "@smithy/types": "^4.14.2", "tslib": "^2.6.2" } }, "sha512-3dA9TQ+ybRSZ/m0wnbZhiBy4Dezjgq1Ib/ZZrYTpJDBgpoLLU/SDzZc/g0x0MNAdOJe1wPcM+x2PBRmoOur+Sw=="],

    "@smithy/protocol-http": ["@smithy/protocol-http@5.4.5", "", { "dependencies": { "@smithy/core": "^3.24.5", "tslib": "^2.6.2" } }, "sha512-jOD+4WNWQLntiLJn3r82C7BLheEbRCKTbU5U5bskZmT7nwRiGkh0IghuHwHRZ1ZEFXpHltQxxp9/koOPsdluJg=="],

    "@smithy/signature-v4": ["@smithy/signature-v4@5.4.5", "", { "dependencies": { "@smithy/core": "^3.24.5", "@smithy/types": "^4.14.2", "tslib": "^2.6.2" } }, "sha512-QBJKWGqIknH0dc9LWpfH1mkdokAx6iXYN3UcQ3eY6uIEyScuoQAhfl94ge7ozUy9WgFUdE8xsvwBjaYBbWmPNA=="],

    "@smithy/smithy-client": ["@smithy/smithy-client@4.13.5", "", { "dependencies": { "@smithy/core": "^3.24.5", "@smithy/types": "^4.14.2", "tslib": "^2.6.2" } }, "sha512-pg9QRQESz3m/5HgAW/z9lA3ln8MSsCWNWc82MX40Djlxpcj/+7DZQ0yIk7tGWYJCVZog/9LBdNl1uEVRAhqm5Q=="],

    "@smithy/types": ["@smithy/types@4.14.2", "", { "dependencies": { "tslib": "^2.6.2" } }, "sha512-P+otAxbV4CqBybp7EkcJCrig63yE2E7PuNVOmilVMRcx/O+QDzGULTrKsq4DV13gSfak9ObPrWaHl/9bL5YcWw=="],

    "@smithy/url-parser": ["@smithy/url-parser@4.3.5", "", { "dependencies": { "@smithy/core": "^3.24.5", "tslib": "^2.6.2" } }, "sha512-f7kUYrRdLiAHz10WXQXiUkuBFaL2c2ZBD2kSwZyQBh73lWFTvXwdpS9l5irQ/uldk8YMJpm66BozmqCg/3uZvA=="],

    "@smithy/util-base64": ["@smithy/util-base64@4.4.5", "", { "dependencies": { "@smithy/core": "^3.24.5", "tslib": "^2.6.2" } }, "sha512-2J8l+DoX3IIiP75X5SYkJ3mIgOkxW29MxOs7oPjbXLuInQ7UL6zLw2IJHbQ44+eKDBBhTjvt+GgwsTTNBGt8zA=="],

    "@smithy/util-body-length-browser": ["@smithy/util-body-length-browser@4.3.5", "", { "dependencies": { "@smithy/core": "^3.24.5", "tslib": "^2.6.2" } }, "sha512-nQtYwXg4spM6uc0Luq3yck+WXZ1VPfrYkC2SqkQ+YOGks0qR2bKKlSCjidSqfpq+VAY/RJe1O5V+CtBmnT63KQ=="],

    "@smithy/util-body-length-node": ["@smithy/util-body-length-node@4.3.5", "", { "dependencies": { "@smithy/core": "^3.24.5", "tslib": "^2.6.2" } }, "sha512-BAsAed9yWExECwNIi61Le6D8ZTY71MFEFrf3d4L2+uzcbTjFAWxOtymkA1vCV8bNZQN9TGgZo4c68JDsnjNShA=="],

    "@smithy/util-buffer-from": ["@smithy/util-buffer-from@2.2.0", "", { "dependencies": { "@smithy/is-array-buffer": "^2.2.0", "tslib": "^2.6.2" } }, "sha512-IJdWBbTcMQ6DA0gdNhh/BwrLkDR+ADW5Kr1aZmd4k3DIF6ezMV4R2NIAmT08wQJ3yUK82thHWmC/TnK/wpMMIA=="],

    "@smithy/util-defaults-mode-browser": ["@smithy/util-defaults-mode-browser@4.4.5", "", { "dependencies": { "@smithy/core": "^3.24.5", "tslib": "^2.6.2" } }, "sha512-LbE6AGHhQOunqIN5UyWDMgpPwmUHUzrV2NtUOQ+lt6Stpipzo6S7uDyeGtO0GGgUD1balEPCNu8Xfl1AQNiruQ=="],

    "@smithy/util-defaults-mode-node": ["@smithy/util-defaults-mode-node@4.3.5", "", { "dependencies": { "@smithy/core": "^3.24.5", "tslib": "^2.6.2" } }, "sha512-72gNpNDQ2iIGbaNmeaF9I58shWsEuD5tNI7my5uXlm1CSPH5i8IKI/nzU50qqB8y+kgw/qTLGgsf0We5qeM/aA=="],

    "@smithy/util-endpoints": ["@smithy/util-endpoints@3.5.5", "", { "dependencies": { "@smithy/core": "^3.24.5", "tslib": "^2.6.2" } }, "sha512-NJhe8KmNjeZ7V+gJsQR5xw0IN47N8pBKosed40xfhelDuYkg8VQ5CVGDcHTEuJq3e3zQb21vnoOOReQothejhA=="],

    "@smithy/util-middleware": ["@smithy/util-middleware@4.3.5", "", { "dependencies": { "@smithy/core": "^3.24.5", "tslib": "^2.6.2" } }, "sha512-N1IR4bMHIDbqO3GxkJHgqNGsnrd7MNrj+EVqhFqKeRqSBV5I3KCjNllKfnbF9KV0YteGhfLqcMR5CYsPLJqpqw=="],

    "@smithy/util-retry": ["@smithy/util-retry@4.4.5", "", { "dependencies": { "@smithy/core": "^3.24.5", "tslib": "^2.6.2" } }, "sha512-W9Ovy9i02yGqtLlpqZNQuXNxXc5OPfXujnembxN/FxyBtGjJd8vKY0PQYEJ8FNybTOcXG+ZxsSsX23HOb3zQzg=="],

    "@smithy/util-utf8": ["@smithy/util-utf8@4.3.5", "", { "dependencies": { "@smithy/core": "^3.24.5", "tslib": "^2.6.2" } }, "sha512-l1d7I7YP2LjXjAZDC7eXqkzuEB75KfCANwhNj/knmT6+0a9XG3QasvI8kEn8WAI3tx/q8PdmSuuXcM+MTkk/7Q=="],

    "@standard-schema/spec": ["@standard-schema/spec@1.1.0", "", {}, "sha512-l2aFy5jALhniG5HgqrD6jXLi/rUWrKvqN/qJx6yoJsgKhblVd+iqqU4RCXavm/jPityDo5TCvKMnpjKnOriy0w=="],

    "@types/node": ["@types/node@20.19.30", "https://registry.npmmirror.com/@types/node/-/node-20.19.30.tgz", { "dependencies": { "undici-types": "~6.21.0" } }, "sha512-WJtwWJu7UdlvzEAUm484QNg5eAoq5QR08KDNx7g45Usrs2NtOPiX8ugDqmKdXkyL03rBqU5dYNYVQetEpBHq2g=="],

    "@types/proper-lockfile": ["@types/proper-lockfile@4.1.4", "https://registry.npmmirror.com/@types/proper-lockfile/-/proper-lockfile-4.1.4.tgz", { "dependencies": { "@types/retry": "*" } }, "sha512-uo2ABllncSqg9F1D4nugVl9v93RmjxF6LJzQLMLDdPaXCUIDPeOJ21Gbqi43xNKzBi/WQ0Q0dICqufzQbMjipQ=="],

    "@types/retry": ["@types/retry@0.12.5", "https://registry.npmmirror.com/@types/retry/-/retry-0.12.5.tgz", {}, "sha512-3xSjTp3v03X/lSQLkczaN9UIEwJMoMCA1+Nb5HfbJEQWogdeQIyVtTvxPXDQjZ5zws8rFQfVfRdz03ARihPJgw=="],

    "ansi-escapes": ["ansi-escapes@7.2.0", "https://registry.npmmirror.com/ansi-escapes/-/ansi-escapes-7.2.0.tgz", { "dependencies": { "environment": "^1.0.0" } }, "sha512-g6LhBsl+GBPRWGWsBtutpzBYuIIdBkLEvad5C/va/74Db018+5TZiyA26cZJAr3Rft5lprVqOIPxf5Vid6tqAw=="],

    "ansi-regex": ["ansi-regex@6.2.2", "https://registry.npmmirror.com/ansi-regex/-/ansi-regex-6.2.2.tgz", {}, "sha512-Bq3SmSpyFHaWjPk8If9yc6svM8c56dB5BAtW4Qbw5jHTwwXXcTLoRMkpDJp6VL0XzlWaCHTXrkFURMYmD0sLqg=="],

    "ansi-styles": ["ansi-styles@6.2.3", "https://registry.npmmirror.com/ansi-styles/-/ansi-styles-6.2.3.tgz", {}, "sha512-4Dj6M28JB+oAH8kFkTLUo+a2jwOFkuqb3yucU0CANcRRUbxS0cP0nZYCGjcc3BNXwRIsUVmDGgzawme7zvJHvg=="],

    "bowser": ["bowser@2.14.1", "", {}, "sha512-tzPjzCxygAKWFOJP011oxFHs57HzIhOEracIgAePE4pqB3LikALKnSzUyU4MGs9/iCEUuHlAJTjTc5M+u7YEGg=="],

    "braces": ["braces@3.0.3", "https://registry.npmmirror.com/braces/-/braces-3.0.3.tgz", { "dependencies": { "fill-range": "^7.1.1" } }, "sha512-yQbXgO/OSZVD2IsiLlro+7Hf6Q18EJrKSEsdoMzKePKXct3gvD8oLcOQdIzGupr5Fj+EDe8gO/lxc1BzfMpxvA=="],

    "bun-types": ["bun-types@1.3.6", "https://registry.npmmirror.com/bun-types/-/bun-types-1.3.6.tgz", { "dependencies": { "@types/node": "*" } }, "sha512-OlFwHcnNV99r//9v5IIOgQ9Uk37gZqrNMCcqEaExdkVq3Avwqok1bJFmvGMCkCE0FqzdY8VMOZpfpR3lwI+CsQ=="],

    "cli-cursor": ["cli-cursor@5.0.0", "https://registry.npmmirror.com/cli-cursor/-/cli-cursor-5.0.0.tgz", { "dependencies": { "restore-cursor": "^5.0.0" } }, "sha512-aCj4O5wKyszjMmDT4tZj93kxyydN/K5zPWSCe6/0AV/AA1pqe5ZBIw0a2ZfPQV7lL5/yb5HsUreJ6UFAF1tEQw=="],

    "cli-truncate": ["cli-truncate@5.1.1", "https://registry.npmmirror.com/cli-truncate/-/cli-truncate-5.1.1.tgz", { "dependencies": { "slice-ansi": "^7.1.0", "string-width": "^8.0.0" } }, "sha512-SroPvNHxUnk+vIW/dOSfNqdy1sPEFkrTk6TUtqLCnBlo3N7TNYYkzzN7uSD6+jVjrdO4+p8nH7JzH6cIvUem6A=="],

    "colorette": ["colorette@2.0.20", "https://registry.npmmirror.com/colorette/-/colorette-2.0.20.tgz", {}, "sha512-IfEDxwoWIjkeXL1eXcDiow4UbKjhLdq6/EuSVR9GMN7KVH3r9gQ83e73hsz1Nd1T3ijd5xv1wcWRYO+D6kCI2w=="],

    "commander": ["commander@14.0.2", "https://registry.npmmirror.com/commander/-/commander-14.0.2.tgz", {}, "sha512-TywoWNNRbhoD0BXs1P3ZEScW8W5iKrnbithIl0YH+uCmBd0QpPOA8yc82DS3BIE5Ma6FnBVUsJ7wVUDz4dvOWQ=="],

    "cross-spawn": ["cross-spawn@7.0.6", "", { "dependencies": { "path-key": "^3.1.0", "shebang-command": "^2.0.0", "which": "^2.0.1" } }, "sha512-uV2QOWP2nWzsy2aMp8aRibhi9dlzF5Hgh5SHaB9OiTGEyDTiJJyx0uy51QXdyWbtAHNua4XJzUKca3OzKUd3vA=="],

    "detect-libc": ["detect-libc@2.1.2", "", {}, "sha512-Btj2BOOO83o3WyH59e8MgXsxEQVcarkUOpEYrubB0urwnN10yQ364rsiByU11nZlqWYZm05i/of7io4mzihBtQ=="],

    "effect": ["effect@4.0.0-beta.66", "", { "dependencies": { "@standard-schema/spec": "^1.1.0", "fast-check": "^4.6.0", "find-my-way-ts": "^0.1.6", "ini": "^6.0.0", "kubernetes-types": "^1.30.0", "msgpackr": "^1.11.9", "multipasta": "^0.2.7", "toml": "^4.1.1", "uuid": "^13.0.0", "yaml": "^2.8.3" } }, "sha512-4arEr62cziFa8BBVDUwJCJJmaVepXf/kRg7KtC0h8+bufngscrHbwWFhr9c+HonwOF+31U3iD3xUJmw9KzX7Dw=="],

    "emoji-regex": ["emoji-regex@10.6.0", "https://registry.npmmirror.com/emoji-regex/-/emoji-regex-10.6.0.tgz", {}, "sha512-toUI84YS5YmxW219erniWD0CIVOo46xGKColeNQRgOzDorgBi1v4D71/OFzgD9GO2UGKIv1C3Sp8DAn0+j5w7A=="],

    "environment": ["environment@1.1.0", "https://registry.npmmirror.com/environment/-/environment-1.1.0.tgz", {}, "sha512-xUtoPkMggbz0MPyPiIWr1Kp4aeWJjDZ6SMvURhimjdZgsRuDplF5/s9hcgGhyXMhs+6vpnuoiZ2kFiu3FMnS8Q=="],

    "eventemitter3": ["eventemitter3@5.0.4", "https://registry.npmmirror.com/eventemitter3/-/eventemitter3-5.0.4.tgz", {}, "sha512-mlsTRyGaPBjPedk6Bvw+aqbsXDtoAyAzm5MO7JgU+yVRyMQ5O8bD4Kcci7BS85f93veegeCPkL8R4GLClnjLFw=="],

    "fast-check": ["fast-check@4.8.0", "", { "dependencies": { "pure-rand": "^8.0.0" } }, "sha512-GOJ158CUMnN6cSahsv4+ExARvIDuzzinFjkp0E9WtiBa5zcVeLozVkWaE4IzFcc+Y48Wp1EDlUZsXRyAztQcSg=="],

    "fast-xml-builder": ["fast-xml-builder@1.2.0", "", { "dependencies": { "path-expression-matcher": "^1.5.0", "xml-naming": "^0.1.0" } }, "sha512-00aAWieqff+ZJhsXA4g1g7M8k+7AYoMUUHF+/zFb5U6Uv/P0Vl4QZo84/IcufzYalLuEj9928bXN9PbbFzMF0Q=="],

    "fast-xml-parser": ["fast-xml-parser@5.7.3", "", { "dependencies": { "@nodable/entities": "^2.1.0", "fast-xml-builder": "^1.1.7", "path-expression-matcher": "^1.5.0", "strnum": "^2.2.3" }, "bin": { "fxparser": "src/cli/cli.js" } }, "sha512-C0AaNuC+mscy6vrAQKAc/rMq+zAPHodfHGZu4sGVehvAQt/JLG1O5zEcYcXSY5zSqr4YVgxsB+pHXTq0i7eDlg=="],

    "fill-range": ["fill-range@7.1.1", "https://registry.npmmirror.com/fill-range/-/fill-range-7.1.1.tgz", { "dependencies": { "to-regex-range": "^5.0.1" } }, "sha512-YsGpe3WHLK8ZYi4tWDg2Jy3ebRz2rXowDxnld4bkQB00cc/1Zw9AWnC0i9ztDJitivtQvaI9KaLyKrc+hBW0yg=="],

    "find-my-way-ts": ["find-my-way-ts@0.1.6", "", {}, "sha512-a85L9ZoXtNAey3Y6Z+eBWW658kO/MwR7zIafkIUPUMf3isZG0NCs2pjW2wtjxAKuJPxMAsHUIP4ZPGv0o5gyTA=="],

    "get-east-asian-width": ["get-east-asian-width@1.4.0", "https://registry.npmmirror.com/get-east-asian-width/-/get-east-asian-width-1.4.0.tgz", {}, "sha512-QZjmEOC+IT1uk6Rx0sX22V6uHWVwbdbxf1faPqJ1QhLdGgsRGCZoyaQBm/piRdJy/D2um6hM1UP7ZEeQ4EkP+Q=="],

    "graceful-fs": ["graceful-fs@4.2.11", "https://registry.npmmirror.com/graceful-fs/-/graceful-fs-4.2.11.tgz", {}, "sha512-RbJ5/jmFcNNCcDV5o9eTnBLJ/HszWV0P73bc+Ff4nS/rJj+YaS6IGyiOL0VoBYX+l1Wrl3k63h/KrH+nhJ0XvQ=="],

    "husky": ["husky@9.1.7", "https://registry.npmmirror.com/husky/-/husky-9.1.7.tgz", { "bin": { "husky": "bin.js" } }, "sha512-5gs5ytaNjBrh5Ow3zrvdUUY+0VxIuWVL4i9irt6friV+BqdCfmV11CQTWMiBYWHbXhco+J1kHfTOUkePhCDvMA=="],

    "ini": ["ini@6.0.0", "", {}, "sha512-IBTdIkzZNOpqm7q3dRqJvMaldXjDHWkEDfrwGEQTs5eaQMWV+djAhR+wahyNNMAa+qpbDUhBMVt4ZKNwpPm7xQ=="],

    "is-fullwidth-code-point": ["is-fullwidth-code-point@5.1.0", "https://registry.npmmirror.com/is-fullwidth-code-point/-/is-fullwidth-code-point-5.1.0.tgz", { "dependencies": { "get-east-asian-width": "^1.3.1" } }, "sha512-5XHYaSyiqADb4RnZ1Bdad6cPp8Toise4TzEjcOYDHZkTCbKgiUl7WTUCpNWHuxmDt91wnsZBc9xinNzopv3JMQ=="],

    "is-number": ["is-number@7.0.0", "https://registry.npmmirror.com/is-number/-/is-number-7.0.0.tgz", {}, "sha512-41Cifkg6e8TylSpdtTpeLVMqvSBEVzTttHvERD741+pnZ8ANv0004MRL43QKPDlK9cGvNp6NZWZUBlbGXYxxng=="],

    "isexe": ["isexe@2.0.0", "", {}, "sha512-RHxMLp9lnKHGHRng9QFhRCMbYAcVpn69smSGcq3f36xjgVVWThj4qqLbTLlq7Ssj8B+fIQ1EuCEGI2lKsyQeIw=="],

    "kubernetes-types": ["kubernetes-types@1.30.0", "", {}, "sha512-Dew1okvhM/SQcIa2rcgujNndZwU8VnSapDgdxlYoB84ZlpAD43U6KLAFqYo17ykSFGHNPrg0qry0bP+GJd9v7Q=="],

    "lint-staged": ["lint-staged@16.2.7", "https://registry.npmmirror.com/lint-staged/-/lint-staged-16.2.7.tgz", { "dependencies": { "commander": "^14.0.2", "listr2": "^9.0.5", "micromatch": "^4.0.8", "nano-spawn": "^2.0.0", "pidtree": "^0.6.0", "string-argv": "^0.3.2", "yaml": "^2.8.1" }, "bin": { "lint-staged": "bin/lint-staged.js" } }, "sha512-lDIj4RnYmK7/kXMya+qJsmkRFkGolciXjrsZ6PC25GdTfWOAWetR0ZbsNXRAj1EHHImRSalc+whZFg56F5DVow=="],

    "listr2": ["listr2@9.0.5", "https://registry.npmmirror.com/listr2/-/listr2-9.0.5.tgz", { "dependencies": { "cli-truncate": "^5.0.0", "colorette": "^2.0.20", "eventemitter3": "^5.0.1", "log-update": "^6.1.0", "rfdc": "^1.4.1", "wrap-ansi": "^9.0.0" } }, "sha512-ME4Fb83LgEgwNw96RKNvKV4VTLuXfoKudAmm2lP8Kk87KaMK0/Xrx/aAkMWmT8mDb+3MlFDspfbCs7adjRxA2g=="],

    "log-update": ["log-update@6.1.0", "https://registry.npmmirror.com/log-update/-/log-update-6.1.0.tgz", { "dependencies": { "ansi-escapes": "^7.0.0", "cli-cursor": "^5.0.0", "slice-ansi": "^7.1.0", "strip-ansi": "^7.1.0", "wrap-ansi": "^9.0.0" } }, "sha512-9ie8ItPR6tjY5uYJh8K/Zrv/RMZ5VOlOWvtZdEHYSTFKZfIBPQa9tOAEeAWhd+AnIneLJ22w5fjOYtoutpWq5w=="],

    "micromatch": ["micromatch@4.0.8", "https://registry.npmmirror.com/micromatch/-/micromatch-4.0.8.tgz", { "dependencies": { "braces": "^3.0.3", "picomatch": "^2.3.1" } }, "sha512-PXwfBhYu0hBCPw8Dn0E+WDYb7af3dSLVWKi3HGv84IdF4TyFoC0ysxFd0Goxw7nSv4T/PzEJQxsYsEiFCKo2BA=="],

    "mimic-function": ["mimic-function@5.0.1", "https://registry.npmmirror.com/mimic-function/-/mimic-function-5.0.1.tgz", {}, "sha512-VP79XUPxV2CigYP3jWwAUFSku2aKqBH7uTAapFWCBqutsbmDo96KY5o8uh6U+/YSIn5OxJnXp73beVkpqMIGhA=="],

    "msgpackr": ["msgpackr@1.11.12", "", { "optionalDependencies": { "msgpackr-extract": "^3.0.2" } }, "sha512-RBdJ1Un7yGlXWajrkxcSa93nvQ0w4zBf60c0yYv7YtBelP8H2FA7XsfBbMHtXKXUMUxH7zV3Zuozh+kUQWhHvg=="],

    "msgpackr-extract": ["msgpackr-extract@3.0.4", "", { "dependencies": { "node-gyp-build-optional-packages": "5.2.2" }, "optionalDependencies": { "@msgpackr-extract/msgpackr-extract-darwin-arm64": "3.0.4", "@msgpackr-extract/msgpackr-extract-darwin-x64": "3.0.4", "@msgpackr-extract/msgpackr-extract-linux-arm": "3.0.4", "@msgpackr-extract/msgpackr-extract-linux-arm64": "3.0.4", "@msgpackr-extract/msgpackr-extract-linux-x64": "3.0.4", "@msgpackr-extract/msgpackr-extract-win32-x64": "3.0.4" }, "bin": { "download-msgpackr-prebuilds": "bin/download-prebuilds.js" } }, "sha512-4kmO/MdyUIkLIvTPr8VHLil4AtoKIoniWPIEk5+CDy0xnWC84azhSFmuJ7PxZdsYtiP5kEeQsORAVIeMgxT+Hw=="],

    "multipasta": ["multipasta@0.2.7", "", {}, "sha512-KPA58d68KgGil15oDqXjkUBEBYc00XvbPj5/X+dyzeo/lWm9Nc25pQRlf1D+gv4OpK7NM0J1odrbu9JNNGvynA=="],

    "nano-spawn": ["nano-spawn@2.0.0", "https://registry.npmmirror.com/nano-spawn/-/nano-spawn-2.0.0.tgz", {}, "sha512-tacvGzUY5o2D8CBh2rrwxyNojUsZNU2zjNTzKQrkgGJQTbGAfArVWXSKMBokBeeg6C7OLRGUEyoFlYbfeWQIqw=="],

    "node-gyp-build-optional-packages": ["node-gyp-build-optional-packages@5.2.2", "", { "dependencies": { "detect-libc": "^2.0.1" }, "bin": { "node-gyp-build-optional-packages": "bin.js", "node-gyp-build-optional-packages-optional": "optional.js", "node-gyp-build-optional-packages-test": "build-test.js" } }, "sha512-s+w+rBWnpTMwSFbaE0UXsRlg7hU4FjekKU4eyAih5T8nJuNZT1nNsskXpxmeqSK9UzkBl6UgRlnKc8hz8IEqOw=="],

    "onetime": ["onetime@7.0.0", "https://registry.npmmirror.com/onetime/-/onetime-7.0.0.tgz", { "dependencies": { "mimic-function": "^5.0.0" } }, "sha512-VXJjc87FScF88uafS3JllDgvAm+c/Slfz06lorj2uAY34rlUu0Nt+v8wreiImcrgAjjIHp1rXpTDlLOGw29WwQ=="],

    "path-expression-matcher": ["path-expression-matcher@1.5.0", "", {}, "sha512-cbrerZV+6rvdQrrD+iGMcZFEiiSrbv9Tfdkvnusy6y0x0GKBXREFg/Y65GhIfm0tnLntThhzCnfKwp1WRjeCyQ=="],

    "path-key": ["path-key@3.1.1", "", {}, "sha512-ojmeN0qd+y0jszEtoY48r0Peq5dwMEkIlCOu6Q5f41lfkswXuKtYrhgoTpLnyIcHm24Uhqx+5Tqm2InSwLhE6Q=="],

    "picomatch": ["picomatch@2.3.1", "https://registry.npmmirror.com/picomatch/-/picomatch-2.3.1.tgz", {}, "sha512-JU3teHTNjmE2VCGFzuY8EXzCDVwEqB2a8fsIvwaStHhAWJEeVd1o1QD80CU6+ZdEXXSLbSsuLwJjkCBWqRQUVA=="],

    "pidtree": ["pidtree@0.6.0", "https://registry.npmmirror.com/pidtree/-/pidtree-0.6.0.tgz", { "bin": { "pidtree": "bin/pidtree.js" } }, "sha512-eG2dWTVw5bzqGRztnHExczNxt5VGsE6OwTeCG3fdUf9KBsZzO3R5OIIIzWR+iZA0NtZ+RDVdaoE2dK1cn6jH4g=="],

    "prettier": ["prettier@3.8.0", "https://registry.npmmirror.com/prettier/-/prettier-3.8.0.tgz", { "bin": { "prettier": "bin/prettier.cjs" } }, "sha512-yEPsovQfpxYfgWNhCfECjG5AQaO+K3dp6XERmOepyPDVqcJm+bjyCVO3pmU+nAPe0N5dDvekfGezt/EIiRe1TA=="],

    "prettier-plugin-organize-imports": ["prettier-plugin-organize-imports@4.3.0", "https://registry.npmmirror.com/prettier-plugin-organize-imports/-/prettier-plugin-organize-imports-4.3.0.tgz", { "peerDependencies": { "prettier": ">=2.0", "typescript": ">=2.9", "vue-tsc": "^2.1.0 || 3" }, "optionalPeers": ["vue-tsc"] }, "sha512-FxFz0qFhyBsGdIsb697f/EkvHzi5SZOhWAjxcx2dLt+Q532bAlhswcXGYB1yzjZ69kW8UoadFBw7TyNwlq96Iw=="],

    "proper-lockfile": ["proper-lockfile@4.1.2", "https://registry.npmmirror.com/proper-lockfile/-/proper-lockfile-4.1.2.tgz", { "dependencies": { "graceful-fs": "^4.2.4", "retry": "^0.12.0", "signal-exit": "^3.0.2" } }, "sha512-TjNPblN4BwAWMXU8s9AEz4JmQxnD1NNL7bNOY/AKUzyamc379FWASUhc/K1pL2noVb+XmZKLL68cjzLsiOAMaA=="],

    "pure-rand": ["pure-rand@8.4.0", "", {}, "sha512-IoM8YF/jY0hiugFo/wOWqfmarlE6J0wc6fDK1PhftMk7MGhVZl88sZimmqBBFomLOCSmcCCpsfj7wXASCpvK9A=="],

    "restore-cursor": ["restore-cursor@5.1.0", "https://registry.npmmirror.com/restore-cursor/-/restore-cursor-5.1.0.tgz", { "dependencies": { "onetime": "^7.0.0", "signal-exit": "^4.1.0" } }, "sha512-oMA2dcrw6u0YfxJQXm342bFKX/E4sG9rbTzO9ptUcR/e8A33cHuvStiYOwH7fszkZlZ1z/ta9AAoPk2F4qIOHA=="],

    "retry": ["retry@0.12.0", "https://registry.npmmirror.com/retry/-/retry-0.12.0.tgz", {}, "sha512-9LkiTwjUh6rT555DtE9rTX+BKByPfrMzEAtnlEtdEwr3Nkffwiihqe2bWADg+OQRjt9gl6ICdmB/ZFDCGAtSow=="],

    "rfdc": ["rfdc@1.4.1", "https://registry.npmmirror.com/rfdc/-/rfdc-1.4.1.tgz", {}, "sha512-q1b3N5QkRUWUl7iyylaaj3kOpIT0N2i9MqIEQXP73GVsN9cw3fdx8X63cEmWhJGi2PPCF23Ijp7ktmd39rawIA=="],

    "shebang-command": ["shebang-command@2.0.0", "", { "dependencies": { "shebang-regex": "^3.0.0" } }, "sha512-kHxr2zZpYtdmrN1qDjrrX/Z1rR1kG8Dx+gkpK1G4eXmvXswmcE1hTWBWYUzlraYw1/yZp6YuDY77YtvbN0dmDA=="],

    "shebang-regex": ["shebang-regex@3.0.0", "", {}, "sha512-7++dFhtcx3353uBaq8DDR4NuxBetBzC7ZQOhmTQInHEd6bSrXdiEyzCvG07Z44UYdLShWUyXt5M/yhz8ekcb1A=="],

    "signal-exit": ["signal-exit@3.0.7", "https://registry.npmmirror.com/signal-exit/-/signal-exit-3.0.7.tgz", {}, "sha512-wnD2ZE+l+SPC/uoS0vXeE9L1+0wuaMqKlfz9AMUo38JsyLSBWSFcHR1Rri62LZc12vLr1gb3jl7iwQhgwpAbGQ=="],

    "slice-ansi": ["slice-ansi@7.1.2", "https://registry.npmmirror.com/slice-ansi/-/slice-ansi-7.1.2.tgz", { "dependencies": { "ansi-styles": "^6.2.1", "is-fullwidth-code-point": "^5.0.0" } }, "sha512-iOBWFgUX7caIZiuutICxVgX1SdxwAVFFKwt1EvMYYec/NWO5meOJ6K5uQxhrYBdQJne4KxiqZc+KptFOWFSI9w=="],

    "string-argv": ["string-argv@0.3.2", "https://registry.npmmirror.com/string-argv/-/string-argv-0.3.2.tgz", {}, "sha512-aqD2Q0144Z+/RqG52NeHEkZauTAUWJO8c6yTftGJKO3Tja5tUgIfmIl6kExvhtxSDP7fXB6DvzkfMpCd/F3G+Q=="],

    "string-width": ["string-width@8.1.0", "https://registry.npmmirror.com/string-width/-/string-width-8.1.0.tgz", { "dependencies": { "get-east-asian-width": "^1.3.0", "strip-ansi": "^7.1.0" } }, "sha512-Kxl3KJGb/gxkaUMOjRsQ8IrXiGW75O4E3RPjFIINOVH8AMl2SQ/yWdTzWwF3FevIX9LcMAjJW+GRwAlAbTSXdg=="],

    "strip-ansi": ["strip-ansi@7.1.2", "https://registry.npmmirror.com/strip-ansi/-/strip-ansi-7.1.2.tgz", { "dependencies": { "ansi-regex": "^6.0.1" } }, "sha512-gmBGslpoQJtgnMAvOVqGZpEz9dyoKTCzy2nfz/n8aIFhN/jCE/rCmcxabB6jOOHV+0WNnylOxaxBQPSvcWklhA=="],

    "strnum": ["strnum@2.3.0", "", {}, "sha512-ums3KNd42PGyx5xaoVTO1mjU1bH3NpY4vsrVlnv9PNGqQj8wd7rJ6nEypLrJ7z5vxK5RP0yMLo6J/Gsm62DI5Q=="],

    "to-regex-range": ["to-regex-range@5.0.1", "https://registry.npmmirror.com/to-regex-range/-/to-regex-range-5.0.1.tgz", { "dependencies": { "is-number": "^7.0.0" } }, "sha512-65P7iz6X5yEr1cwcgvQxbbIw7Uk3gOy5dIdtZ4rDveLqhrdJP+Li/Hx6tyK0NEb+2GCyneCMJiGqrADCSNk8sQ=="],

    "toml": ["toml@4.1.1", "", {}, "sha512-EBJnVBr3dTXdA89WVFoAIPUqkBjxPMwRqsfuo1r240tKFHXv3zgca4+NJib/h6TyvGF7vOawz0jGuryJCdNHrw=="],

    "tslib": ["tslib@2.8.1", "", {}, "sha512-oJFu94HQb+KVduSUQL7wnpmqnfmLsOA/nAh6b6EH0wCEoK0/mPeXU6c3wKDV83MkOuHPRHtSXKKU99IBazS/2w=="],

    "typescript": ["typescript@5.9.3", "https://registry.npmmirror.com/typescript/-/typescript-5.9.3.tgz", { "bin": { "tsc": "bin/tsc", "tsserver": "bin/tsserver" } }, "sha512-jl1vZzPDinLr9eUt3J/t7V6FgNEw9QjvBPdysz9KfQDD41fQrC2Y4vKQdiaUpFT4bXlb1RHhLpp8wtm6M5TgSw=="],

    "undici-types": ["undici-types@6.21.0", "https://registry.npmmirror.com/undici-types/-/undici-types-6.21.0.tgz", {}, "sha512-iwDZqg0QAGrg9Rav5H4n0M64c3mkR59cJ6wQp+7C4nI0gsmExaedaYLNO44eT4AtBBwjbTiGPMlt2Md0T9H9JQ=="],

    "uuid": ["uuid@13.0.2", "", { "bin": { "uuid": "dist-node/bin/uuid" } }, "sha512-vzi9uRZ926x4XV73S/4qQaTwPXM2JBj6/6lI/byHH1jOpCzb0zDbfytgA9LcN/hzb2l7WQSQnxITOVx5un/wGw=="],

    "which": ["which@2.0.2", "", { "dependencies": { "isexe": "^2.0.0" }, "bin": { "node-which": "./bin/node-which" } }, "sha512-BLI3Tl1TW3Pvl70l3yq3Y64i+awpwXqsGBYWkkqMtnbXgrMD+yj7rhW0kuEDxzJaYXGjEW5ogapKNMEKNMjibA=="],

    "wrap-ansi": ["wrap-ansi@9.0.2", "https://registry.npmmirror.com/wrap-ansi/-/wrap-ansi-9.0.2.tgz", { "dependencies": { "ansi-styles": "^6.2.1", "string-width": "^7.0.0", "strip-ansi": "^7.1.0" } }, "sha512-42AtmgqjV+X1VpdOfyTGOYRi0/zsoLqtXQckTmqTeybT+BDIbM/Guxo7x3pE2vtpr1ok6xRqM9OpBe+Jyoqyww=="],

    "xml-naming": ["xml-naming@0.1.0", "", {}, "sha512-k8KO9hrMyNk6tUWqUfkTEZbezRRpONVOzUTnc97VnCvyj6Tf9lyUR9EDAIeiVLv56jsMcoXEwjW8Kv5yPY52lw=="],

    "yaml": ["yaml@2.8.2", "https://registry.npmmirror.com/yaml/-/yaml-2.8.2.tgz", { "bin": { "yaml": "bin.mjs" } }, "sha512-mplynKqc1C2hTVYxd0PU2xQAc22TI1vShAYGksCCfxbn/dFwnHTNi1bvYsBTkhdUNtGIf5xNOg938rrSSYvS9A=="],

    "zod": ["zod@3.25.76", "https://registry.npmmirror.com/zod/-/zod-3.25.76.tgz", {}, "sha512-gzUt/qt81nXsFGKIFcC3YnfEAx5NkunCfnDlvuBSSFS02bcXu4Lmea0AFIUwbLWxWPx3d9p8S5QoaujKcNQxcQ=="],

    "@aws-crypto/sha256-browser/@smithy/util-utf8": ["@smithy/util-utf8@2.3.0", "", { "dependencies": { "@smithy/util-buffer-from": "^2.2.0", "tslib": "^2.6.2" } }, "sha512-R8Rdn8Hy72KKcebgLiv8jQcQkXoLMOGGv5uI1/k0l+snqkOzQ1R0ChUBCxWMlBsFMekWjq0wRudIweFs7sKT5A=="],

    "@aws-crypto/util/@smithy/util-utf8": ["@smithy/util-utf8@2.3.0", "", { "dependencies": { "@smithy/util-buffer-from": "^2.2.0", "tslib": "^2.6.2" } }, "sha512-R8Rdn8Hy72KKcebgLiv8jQcQkXoLMOGGv5uI1/k0l+snqkOzQ1R0ChUBCxWMlBsFMekWjq0wRudIweFs7sKT5A=="],

    "@opencode-ai/plugin/zod": ["zod@4.1.8", "https://registry.npmmirror.com/zod/-/zod-4.1.8.tgz", {}, "sha512-5R1P+WwQqmmMIEACyzSvo4JXHY5WiAFHRMg+zBZKgKS+Q1viRa0C1hmUKtHltoIFKtIdki3pRxkmpP74jnNYHQ=="],

    "effect/yaml": ["yaml@2.9.0", "", { "bin": { "yaml": "bin.mjs" } }, "sha512-2AvhNX3mb8zd6Zy7INTtSpl1F15HW6Wnqj0srWlkKLcpYl/gMIMJiyuGq2KeI2YFxUPjdlB+3Lc10seMLtL4cA=="],

    "restore-cursor/signal-exit": ["signal-exit@4.1.0", "https://registry.npmmirror.com/signal-exit/-/signal-exit-4.1.0.tgz", {}, "sha512-bzyZ1e88w9O1iNJbKnOlvYTrWPDl46O1bG0D3XInv+9tkPrxrN8jUUTiFlDkkmKWgn1M6CfIA13SuGqOa9Korw=="],

    "wrap-ansi/string-width": ["string-width@7.2.0", "https://registry.npmmirror.com/string-width/-/string-width-7.2.0.tgz", { "dependencies": { "emoji-regex": "^10.3.0", "get-east-asian-width": "^1.0.0", "strip-ansi": "^7.1.0" } }, "sha512-tsaTIkKW9b4N+AEj+SVA+WhJzV7/zMhcSu78mLKWSk7cXMOSHsBKFWUs0fWwq8QyK3MgJBQRX6Gbi4kYbdvGkQ=="],
  }
}
